{"SurveyEntry":{"SurveyID":"SV_4Uhfy4jdBwGNl7U","SurveyName":"bace_sample","SurveyDescription":null,"SurveyOwnerID":"UR_5sQctuCm5UkkEhT","SurveyBrandID":"bostonu","DivisionID":null,"SurveyLanguage":"EN","SurveyActiveResponseSet":"RS_eL0jG9f5tZhOml8","SurveyStatus":"Inactive","SurveyStartDate":"0000-00-00 00:00:00","SurveyExpirationDate":"0000-00-00 00:00:00","SurveyCreationDate":"2021-12-14 12:34:23","CreatorID":"UR_5sQctuCm5UkkEhT","LastModified":"2021-12-16 09:13:30","LastAccessed":"0000-00-00 00:00:00","LastActivated":"0000-00-00 00:00:00","Deleted":null},"SurveyElements":[{"SurveyID":"SV_4Uhfy4jdBwGNl7U","Element":"BL","PrimaryAttribute":"Survey Blocks","SecondaryAttribute":null,"TertiaryAttribute":null,"Payload":[{"Type":"Default","Description":"Create profile","ID":"BL_3lVB5epaKZeC31Y","BlockElements":[{"Type":"Question","QuestionID":"QID1"}]},{"Type":"Trash","Description":"Trash \/ Unused Questions","ID":"BL_dijwyxjUuj781UO"},{"Type":"Standard","SubType":"","Description":"Question 0","ID":"BL_4SLrTdVaOnibc6a","BlockElements":[{"Type":"Question","QuestionID":"QID2"}]},{"Type":"Standard","SubType":"","Description":"Question 1","ID":"BL_0cR282N28fpeuTc","BlockElements":[{"Type":"Question","QuestionID":"QID3"}]},{"Type":"Standard","SubType":"","Description":"Estimates","ID":"BL_71XqjFusAptXj3U","BlockElements":[{"Type":"Question","QuestionID":"QID4"}]}]},{"SurveyID":"SV_4Uhfy4jdBwGNl7U","Element":"FL","PrimaryAttribute":"Survey Flow","SecondaryAttribute":null,"TertiaryAttribute":null,"Payload":{"Type":"Root","FlowID":"FL_1","Flow":[{"Type":"Block","ID":"BL_3lVB5epaKZeC31Y","FlowID":"FL_2","Autofill":[]},{"Type":"EmbeddedData","FlowID":"FL_3","EmbeddedData":[{"Description":"survey_id","Type":"Custom","Field":"survey_id","VariableType":"String","DataVisibility":[],"AnalyzeText":false,"Value":"${q:\/\/QID1\/ChoiceTextEntryValue}"},{"Description":"base_earnings","Type":"Custom","Field":"base_earnings","VariableType":"String","DataVisibility":[],"AnalyzeText":false,"Value":"${rand:\/\/int\/15:20}"},{"Description":"sample_percentage_designs","Type":"Custom","Field":"sample_percentage_designs","VariableType":"String","DataVisibility":[],"AnalyzeText":false,"Value":"20"}]},{"Type":"WebService","FlowID":"FL_4","URL":"https:\/\/obscure-ravine-81933.herokuapp.com\/api_custom\/create_profile","Method":"POST","RequestParams":[],"EditBodyParams":[{"key":"survey_id","value":"${e:\/\/Field\/survey_id}"},{"key":"base_earnings","value":"${e:\/\/Field\/base_earnings}","parameterType":"Number"}],"Body":{"survey_id":"${e:\/\/Field\/survey_id}","base_earnings":"${e:\/\/Field\/base_earnings}"},"ContentType":"application\/json","Headers":[],"ResponseMap":[{"key":"profile_id","value":"profile_id"},{"key":"characteristic_a","value":"characteristic_a"},{"key":"characteristic_b","value":"characteristic_b"}],"FireAndForget":false,"SchemaVersion":0,"StringifyValues":true},{"Type":"WebService","FlowID":"FL_6","URL":"https:\/\/obscure-ravine-81933.herokuapp.com\/api_custom\/choose_first_design","Method":"PUT","RequestParams":[],"EditBodyParams":[{"key":"profile_id","value":"${e:\/\/Field\/profile_id}"},{"key":"characteristic_a","value":"${e:\/\/Field\/characteristic_a}"},{"key":"characteristic_b","value":"${e:\/\/Field\/characteristic_b}"},{"key":"sample_percentage_designs","value":"${e:\/\/Field\/sample_percentage_designs}"},{"key":"base_earnings","value":"${e:\/\/Field\/base_earnings}","parameterType":"Number"}],"Body":{"profile_id":"${e:\/\/Field\/profile_id}","characteristic_a":"${e:\/\/Field\/characteristic_a}","characteristic_b":"${e:\/\/Field\/characteristic_b}","sample_percentage_designs":"${e:\/\/Field\/sample_percentage_designs}","base_earnings":"${e:\/\/Field\/base_earnings}"},"ContentType":"application\/json","Headers":[],"ResponseMap":[{"key":"diff_earnings_0","value":"diff_earnings_0"},{"key":"diff_d1_0","value":"diff_d1_0"},{"key":"diff_d2_0","value":"diff_d2_0"},{"key":"diff_d3_0","value":"diff_d3_0"},{"key":"label_a","value":"label_a"},{"key":"label_b","value":"label_b"},{"key":"base_earnings_0","value":"base_earnings_0"},{"key":"treat_earnings_0","value":"treat_earnings_0"},{"key":"base_a_0","value":"base_a_0"},{"key":"base_b_0","value":"base_b_0"},{"key":"treat_a_0","value":"treat_a_0"},{"key":"treat_b_0","value":"treat_b_0"}],"FireAndForget":false,"SchemaVersion":0,"StringifyValues":true},{"Type":"Standard","ID":"BL_4SLrTdVaOnibc6a","FlowID":"FL_7","Autofill":[]},{"Type":"WebService","FlowID":"FL_8","URL":"https:\/\/obscure-ravine-81933.herokuapp.com\/api_custom\/update_and_choose_design","Method":"PUT","RequestParams":[],"EditBodyParams":[{"key":"profile_id","value":"${e:\/\/Field\/profile_id}"},{"key":"answer","value":"${q:\/\/QID2\/SelectedChoicesRecode}"},{"key":"qnumber","value":"1","parameterType":"Number"},{"key":"base_earnings","value":"${e:\/\/Field\/base_earnings}","parameterType":"Number"},{"key":"characteristic_a","value":"${e:\/\/Field\/characteristic_a}"},{"key":"characteristic_b","value":"${e:\/\/Field\/characteristic_b}"},{"key":"sample_percentage_designs","value":"${e:\/\/Field\/sample_percentage_designs}","parameterType":"Number"}],"Body":{"profile_id":"${e:\/\/Field\/profile_id}","answer":"${q:\/\/QID2\/SelectedChoicesRecode}","qnumber":1,"base_earnings":"${e:\/\/Field\/base_earnings}","characteristic_a":"${e:\/\/Field\/characteristic_a}","characteristic_b":"${e:\/\/Field\/characteristic_b}","sample_percentage_designs":"${e:\/\/Field\/sample_percentage_designs}"},"ContentType":"application\/json","Headers":[],"ResponseMap":[{"key":"diff_earnings_1","value":"diff_earnings_1"},{"key":"diff_d1_1","value":"diff_d1_1"},{"key":"diff_d2_1","value":"diff_d2_1"},{"key":"diff_d3_1","value":"diff_d3_1"},{"key":"label_a","value":"label_a"},{"key":"label_b","value":"label_b"},{"key":"base_earnings_1","value":"base_earnings_1"},{"key":"treat_earnings_1","value":"treat_earnings_1"},{"key":"base_a_1","value":"base_a_1"},{"key":"base_b_1","value":"base_b_1"},{"key":"treat_a_1","value":"treat_a_1"},{"key":"treat_b_1","value":"treat_b_1"}],"FireAndForget":false,"SchemaVersion":0,"StringifyValues":true},{"Type":"Standard","ID":"BL_0cR282N28fpeuTc","FlowID":"FL_10","Autofill":[]},{"Type":"WebService","FlowID":"FL_11","URL":"https:\/\/obscure-ravine-81933.herokuapp.com\/api_custom\/update_and_return_estimates","Method":"PUT","RequestParams":[],"EditBodyParams":[{"key":"profile_id","value":"${e:\/\/Field\/profile_id}"},{"key":"answer","value":"${q:\/\/QID3\/SelectedChoicesRecode}"}],"Body":{"profile_id":"${e:\/\/Field\/profile_id}","answer":"${q:\/\/QID3\/SelectedChoicesRecode}"},"ContentType":"application\/json","Headers":[],"ResponseMap":[{"key":"estimates.0","value":"estimates.0"},{"key":"estimates.1","value":"estimates.1"},{"key":"estimates.2","value":"estimates.2"},{"key":"estimates.3","value":"estimates.3"}],"FireAndForget":false,"SchemaVersion":0,"StringifyValues":true},{"Type":"Standard","ID":"BL_71XqjFusAptXj3U","FlowID":"FL_12","Autofill":[]}],"Properties":{"Count":12,"RemovedFieldsets":[]}}},{"SurveyID":"SV_4Uhfy4jdBwGNl7U","Element":"SO","PrimaryAttribute":"Survey Options","SecondaryAttribute":null,"TertiaryAttribute":null,"Payload":{"BackButton":"false","SaveAndContinue":"true","SurveyProtection":"PublicSurvey","BallotBoxStuffingPrevention":"false","NoIndex":"Yes","SecureResponseFiles":"true","SurveyExpiration":"None","SurveyTermination":"DefaultMessage","Header":"","Footer":"","ProgressBarDisplay":"None","PartialData":"+1 week","ValidationMessage":"","PreviousButton":"","NextButton":"","SurveyTitle":"Qualtrics Survey | Qualtrics Experience Management","SkinLibrary":"bostonu","SkinType":"MQ","Skin":"bostonu1_new","NewScoring":1}},{"SurveyID":"SV_4Uhfy4jdBwGNl7U","Element":"SCO","PrimaryAttribute":"Scoring","SecondaryAttribute":null,"TertiaryAttribute":null,"Payload":{"ScoringCategories":[],"ScoringCategoryGroups":[],"ScoringSummaryCategory":null,"ScoringSummaryAfterQuestions":0,"ScoringSummaryAfterSurvey":0,"DefaultScoringCategory":null,"AutoScoringCategory":null}},{"SurveyID":"SV_4Uhfy4jdBwGNl7U","Element":"PROJ","PrimaryAttribute":"CORE","SecondaryAttribute":null,"TertiaryAttribute":"1.1.0","Payload":{"ProjectCategory":"CORE","SchemaVersion":"1.1.0"}},{"SurveyID":"SV_4Uhfy4jdBwGNl7U","Element":"STAT","PrimaryAttribute":"Survey Statistics","SecondaryAttribute":null,"TertiaryAttribute":null,"Payload":{"MobileCompatible":true,"ID":"Survey Statistics"}},{"SurveyID":"SV_4Uhfy4jdBwGNl7U","Element":"QC","PrimaryAttribute":"Survey Question Count","SecondaryAttribute":"4","TertiaryAttribute":null,"Payload":null},{"SurveyID":"SV_4Uhfy4jdBwGNl7U","Element":"RS","PrimaryAttribute":"RS_eL0jG9f5tZhOml8","SecondaryAttribute":"Default Response Set","TertiaryAttribute":null,"Payload":null},{"SurveyID":"SV_4Uhfy4jdBwGNl7U","Element":"SQ","PrimaryAttribute":"QID4","SecondaryAttribute":"Posterior Estimates: estimate.0: ${e:\/\/Field\/estimates.0} estimate.1: ${e:\/\/Field\/estimates.1} es...","TertiaryAttribute":null,"Payload":{"QuestionText":"Posterior Estimates:<div>estimate.0: ${e:\/\/Field\/estimates.0}<\/div><div>estimate.1: ${e:\/\/Field\/estimates.1}<\/div><div>estimate.2: ${e:\/\/Field\/estimates.2}<\/div><div>estimate.3: ${e:\/\/Field\/estimates.3}<\/div>","DefaultChoices":false,"DataExportTag":"Q4","QuestionType":"DB","Selector":"TB","Configuration":{"QuestionDescriptionOption":"UseText"},"QuestionDescription":"Posterior Estimates: estimate.0: ${e:\/\/Field\/estimates.0} estimate.1: ${e:\/\/Field\/estimates.1} es...","ChoiceOrder":[],"Validation":{"Settings":{"Type":"None"}},"GradingData":[],"Language":[],"NextChoiceId":4,"NextAnswerId":1,"QuestionID":"QID4"}},{"SurveyID":"SV_4Uhfy4jdBwGNl7U","Element":"SQ","PrimaryAttribute":"QID1","SecondaryAttribute":"What is your user id?","TertiaryAttribute":null,"Payload":{"QuestionText":"What is your user id?","DefaultChoices":false,"DataExportTag":"survey_id","QuestionID":"QID1","QuestionType":"TE","Selector":"SL","Configuration":{"QuestionDescriptionOption":"UseText"},"QuestionDescription":"What is your user id?","Validation":{"Settings":{"ForceResponse":"OFF","Type":"None"}},"GradingData":[],"Language":[],"NextChoiceId":4,"NextAnswerId":1,"SearchSource":{"AllowFreeResponse":"false"}}},{"SurveyID":"SV_4Uhfy4jdBwGNl7U","Element":"SQ","PrimaryAttribute":"QID2","SecondaryAttribute":"Which option would you choose?","TertiaryAttribute":null,"Payload":{"QuestionText":"Which option would you choose?","DefaultChoices":false,"DataExportTag":"Q2","QuestionType":"MC","Selector":"SAHR","SubSelector":"TX","Configuration":{"QuestionDescriptionOption":"UseText","LabelPosition":"BELOW"},"QuestionDescription":"Which option would you choose?","Choices":{"1":{"Display":"<table border=\"1\" cellpadding=\"1\" cellspacing=\"1\" style=\"width:320px;\">\n <tbody>\n  <tr>\n   <td style=\"text-align: center;\">Option A<\/td>\n  <\/tr>\n  <tr>\n   <td>$${e:\/\/Field\/base_earnings_0}<\/td>\n  <\/tr>\n  <tr>\n   <td>${e:\/\/Field\/base_a_0}<\/td>\n  <\/tr>\n  <tr>\n   <td>${e:\/\/Field\/base_b_0}<\/td>\n  <\/tr>\n <\/tbody>\n<\/table>"},"2":{"Display":"<table border=\"1\" cellpadding=\"1\" cellspacing=\"1\" style=\"width:320px;\">\n <tbody>\n  <tr>\n   <td style=\"text-align: center;\">Option B<\/td>\n  <\/tr>\n  <tr>\n   <td>$${e:\/\/Field\/treat_earnings_0}<\/td>\n  <\/tr>\n  <tr>\n   <td>${e:\/\/Field\/treat_a_0}<\/td>\n  <\/tr>\n  <tr>\n   <td>${e:\/\/Field\/treat_b_0}<\/td>\n  <\/tr>\n <\/tbody>\n<\/table>"}},"ChoiceOrder":[1,2],"Validation":{"Settings":{"ForceResponse":"ON","ForceResponseType":"ON","Type":"None"}},"GradingData":[],"Language":[],"NextChoiceId":3,"NextAnswerId":1,"QuestionID":"QID2","RecodeValues":{"1":"0","2":"1"}}},{"SurveyID":"SV_4Uhfy4jdBwGNl7U","Element":"SQ","PrimaryAttribute":"QID3","SecondaryAttribute":"Which option would you choose?","TertiaryAttribute":null,"Payload":{"QuestionText":"Which option would you choose?","DefaultChoices":false,"DataExportTag":"Q3","QuestionType":"MC","Selector":"SAHR","SubSelector":"TX","DataVisibility":{"Private":false,"Hidden":false},"Configuration":{"QuestionDescriptionOption":"UseText","LabelPosition":"BELOW"},"QuestionDescription":"Which option would you choose?","Choices":{"1":{"Display":"<table border=\"1\" cellpadding=\"1\" cellspacing=\"1\" style=\"width:320px;\">\n\t<tbody>\n\t\t<tr>\n\t\t\t<td style=\"text-align: center;\">Option A<\/td>\n\t\t<\/tr>\n\t\t<tr>\n\t\t\t<td>$${e:\/\/Field\/base_earnings_1}<\/td>\n\t\t<\/tr>\n\t\t<tr>\n\t\t\t<td>${e:\/\/Field\/base_a_1}<\/td>\n\t\t<\/tr>\n\t\t<tr>\n\t\t\t<td>${e:\/\/Field\/base_b_1}<\/td>\n\t\t<\/tr>\n\t<\/tbody>\n<\/table>\n"},"2":{"Display":"<table border=\"1\" cellpadding=\"1\" cellspacing=\"1\" style=\"width:320px;\">\n\t<tbody>\n\t\t<tr>\n\t\t\t<td style=\"text-align: center;\">Option B<\/td>\n\t\t<\/tr>\n\t\t<tr>\n\t\t\t<td>$${e:\/\/Field\/treat_earnings_1}<\/td>\n\t\t<\/tr>\n\t\t<tr>\n\t\t\t<td>${e:\/\/Field\/treat_a_1}<\/td>\n\t\t<\/tr>\n\t\t<tr>\n\t\t\t<td>${e:\/\/Field\/treat_b_1}<\/td>\n\t\t<\/tr>\n\t<\/tbody>\n<\/table>\n"}},"ChoiceOrder":[1,2],"Validation":{"Settings":{"ForceResponse":"ON","ForceResponseType":"ON","Type":"None"}},"RecodeValues":{"1":"0","2":"1"},"GradingData":[],"Language":[],"NextChoiceId":3,"NextAnswerId":1,"QuestionID":"QID3"}}]}